// !$*UTF8*$!
{
	archiveVersion = 1;
	classes = {
	};
	objectVersion = 46;
	objects = {

/* Begin PBXBuildFile section */
		8AF18AF61A7C33B500F1B387 /* main.cpp in Sources */ = {isa = PBXBuildFile; fileRef = 8AF18AF51A7C33B500F1B387 /* main.cpp */; };
/* End PBXBuildFile section */

/* Begin PBXCopyFilesBuildPhase section */
		8AF18AF01A7C33B500F1B387 /* CopyFiles */ = {
			isa = PBXCopyFilesBuildPhase;
			buildActionMask = 2147483647;
			dstPath = /usr/share/man/man1/;
			dstSubfolderSpec = 0;
			files = (
			);
			runOnlyForDeploymentPostprocessing = 1;
		};
/* End PBXCopyFilesBuildPhase section */

/* Begin PBXFileReference section */
		8AF18AF21A7C33B500F1B387 /* TopTec_3072 */ = {isa = PBXFileReference; explicitFileType = "compiled.mach-o.executable"; includeInIndex = 0; path = TopTec_3072; sourceTree = BUILT_PRODUCTS_DIR; };
		8AF18AF51A7C33B500F1B387 /* main.cpp */ = {isa = PBXFileReference; lastKnownFileType = sourcecode.cpp.cpp; path = main.cpp; sourceTree = "<group>"; };
/* End PBXFileReference section */

/* Begin PBXFrameworksBuildPhase section */
		8AF18AEF1A7C33B500F1B387 /* Frameworks */ = {
			isa = PBXFrameworksBuildPhase;
			buildActionMask = 2147483647;
			files = (
			);
			runOnlyForDeploymentPostprocessing = 0;
		};
/* End PBXFrameworksBuildPhase section */

/* Begin PBXGroup section */
		8AF18AE91A7C33B500F1B387 = {
			isa = PBXGroup;
			children = (
				8AF18AF41A7C33B500F1B387 /* TopTec_3072 */,
				8AF18AF31A7C33B500F1B387 /* Products */,
			);
			sourceTree = "<group>";
		};
		8AF18AF31A7C33B500F1B387 /* Products */ = {
			isa = PBXGroup;
			children = (
				8AF18AF21A7C33B500F1B387 /* TopTec_3072 */,
			);
			name = Products;
			sourceTree = "<group>";
		};
		8AF18AF41A7C33B500F1B387 /* TopTec_3072 */ = {
			isa = PBXGroup;
			children = (
				8AF18AF51A7C33B500F1B387 /* main.cpp */,
			);
			path = TopTec_3072;
			sourceTree = "<group>";
		};
/* End PBXGroup section */

/* Begin PBXNativeTarget section */
		8AF18AF11A7C33B500F1B387 /* TopTec_3072 */ = {
			isa = PBXNativeTarget;
			buildConfigurationList = 8AF18AF91A7C33B500F1B387 /* Build configuration list for PBXNativeTarget "TopTec_3072" */;
			buildPhases = (
				8AF18AEE1A7C33B500F1B387 /* Sources */,
				8AF18AEF1A7C33B500F1B387 /* Frameworks */,
				8AF18AF01A7C33B500F1B387 /* CopyFiles */,
			);
			buildRules = (
			);
			dependencies = (
			);
			name = TopTec_3072;
			productName = TopTec_3072;
			productReference = 8AF18AF21A7C33B500F1B387 /* TopTec_3072 */;
			productType = "com.apple.product-type.tool";
		};
/* End PBXNativeTarget section */

/* Begin PBXProject section */
		8AF18AEA1A7C33B500F1B387 /* Project object */ = {
			isa = PBXProject;
			attributes = {
				LastUpgradeCheck = 0610;
				ORGANIZATIONNAME = Alejandro_Sanchez;
				TargetAttributes = {
					8AF18AF11A7C33B500F1B387 = {
						CreatedOnToolsVersion = 6.1;
					};
				};
			};
			buildConfigurationList = 8AF18AED1A7C33B500F1B387 /* Build configuration list for PBXProject "TopTec_3072" */;
			compatibilityVersion = "Xcode 3.2";
			developmentRegion = English;
			hasScannedForEncodings = 0;
			knownRegions = (
				en,
			);
			mainGroup = 8AF18AE91A7C33B500F1B387;
			productRefGroup = 8AF18AF31A7C33B500F1B387 /* Products */;
			projectDirPath = "";
			projectRoot = "";
			targets = (
				8AF18AF11A7C33B500F1B387 /* TopTec_3072 */,
			);
		};
/* End PBXProject section */

/* Begin PBXSourcesBuildPhase section */
		8AF18AEE1A7C33B500F1B387 /* Sources */ = {
			isa = PBXSourcesBuildPhase;
			buildActionMask = 2147483647;
			files = (
				8AF18AF61A7C33B500F1B387 /* main.cpp in Sources */,
			);
			runOnlyForDeploymentPostprocessing = 0;
		};
/* End PBXSourcesBuildPhase section */

/* Begin XCBuildConfiguration section */
		8AF18AF71A7C33B500F1B387 /* Debug */ = {
			isa = XCBuildConfiguration;
			buildSettings = {
				ALWAYS_SEARCH_USER_PATHS = NO;
				CLANG_CXX_LANGUAGE_STANDARD = "gnu++0x";
				CLANG_CXX_LIBRARY = "libc++";
				CLANG_ENABLE_MODULES = YES;
				CLANG_ENABLE_OBJC_ARC = YES;
				CLANG_WARN_BOOL_CONVERSION = YES;
				CLANG_WARN_CONSTANT_CONVERSION = YES;
				CLANG_WARN_DIRECT_OBJC_ISA_USAGE = YES_ERROR;
				CLANG_WARN_EMPTY_BODY = YES;
				CLANG_WARN_ENUM_CONVERSION = YES;
				CLANG_WARN_INT_CONVERSION = YES;
				CLANG_WARN_OBJC_ROOT_CLASS = YES_ERROR;
				CLANG_WARN_UNREACHABLE_CODE = YES;
				CLANG_WARN__DUPLICATE_METHOD_MATCH = YES;
				COPY_PHASE_STRIP = NO;
				ENABLE_STRICT_OBJC_MSGSEND = YES;
				GCC_C_LANGUAGE_STANDARD = gnu99;
				GCC_DYNAMIC_NO_PIC = NO;
				GCC_OPTIMIZATION_LEVEL = 0;
				GCC_PREPROCESSOR_DEFINITIONS = (
					"DEBUG=1",
					"$(inherited)",
				);
				GCC_SYMBOLS_PRIVATE_EXTERN = NO;
				GCC_WARN_64_TO_32_BIT_CONVERSION = YES;
				GCC_WARN_ABOUT_RETURN_TYPE = YES_ERROR;
				GCC_WARN_UNDECLARED_SELECTOR = YES;
				GCC_WARN_UNINITIALIZED_AUTOS = YES_AGGRESSIVE;
				GCC_WARN_UNUSED_FUNCTION = YES;
				GCC_WARN_UNUSED_VARIABLE = YES;
				MACOSX_DEPLOYMENT_TARGET = 10.10;
				MTL_ENABLE_DEBUG_INFO = YES;
				ONLY_ACTIVE_ARCH = YES;
				SDKROOT = macosx;
			};
			name = Debug;
		};
		8AF18AF81A7C33B500F1B387 /* Release */ = {
			isa = XCBuildConfiguration;
			buildSettings = {
				ALWAYS_SEARCH_USER_PATHS = NO;
				CLANG_CXX_LANGUAGE_STANDARD = "gnu++0x";
				CLANG_CXX_LIBRARY = "libc++";
				CLANG_ENABLE_MODULES = YES;
				CLANG_ENABLE_OBJC_ARC = YES;
				CLANG_WARN_BOOL_CONVERSION = YES;
				CLANG_WARN_CONSTANT_CONVERSION = YES;
				CLANG_WARN_DIRECT_OBJC_ISA_USAGE = YES_ERROR;
				CLANG_WARN_EMPTY_BODY = YES;
				CLANG_WARN_ENUM_CONVERSION = YES;
				CLANG_WARN_INT_CONVERSION = YES;
				CLANG_WARN_OBJC_ROOT_CLASS = YES_ERROR;
				CLANG_WARN_UNREACHABLE_CODE = YES;
				CLANG_WARN__DUPLICATE_METHOD_MATCH = YES;
				COPY_PHASE_STRIP = YES;
				DEBUG_INFORMATION_FORMAT = "dwarf-with-dsym";
				ENABLE_NS_ASSERTIONS = NO;
				ENABLE_STRICT_OBJC_MSGSEND = YES;
				GCC_C_LANGUAGE_STANDARD = gnu99;
				GCC_WARN_64_TO_32_BIT_CONVERSION = YES;
				GCC_WARN_ABOUT_RETURN_TYPE = YES_ERROR;
				GCC_WARN_UNDECLARED_SELECTOR = YES;
				GCC_WARN_UNINITIALIZED_AUTOS = YES_AGGRESSIVE;
				GCC_WARN_UNUSED_FUNCTION = YES;
				GCC_WARN_UNUSED_VARIABLE = YES;
				MACOSX_DEPLOYMENT_TARGET = 10.10;
				MTL_ENABLE_DEBUG_INFO = NO;
				SDKROOT = macosx;
			};
			name = Release;
		};
		8AF18AFA1A7C33B500F1B387 /* Debug */ = {
			isa = XCBuildConfiguration;
			buildSettings = {
				PRODUCT_NAME = "$(TARGET_NAME)";
			};
			name = Debug;
		};
		8AF18AFB1A7C33B500F1B387 /* Release */ = {
			isa = XCBuildConfiguration;
			buildSettings = {
				PRODUCT_NAME = "$(TARGET_NAME)";
			};
			name = Release;
		};
/* End XCBuildConfiguration section */

/* Begin XCConfigurationList section */
		8AF18AED1A7C33B500F1B387 /* Build configuration list for PBXProject "TopTec_3072" */ = {
			isa = XCConfigurationList;
			buildConfigurations = (
				8AF18AF71A7C33B500F1B387 /* Debug */,
				8AF18AF81A7C33B500F1B387 /* Release */,
			);
			defaultConfigurationIsVisible = 0;
			defaultConfigurationName = Release;
		};
		8AF18AF91A7C33B500F1B387 /* Build configuration list for PBXNativeTarget "TopTec_3072" */ = {
			isa = XCConfigurationList;
			buildConfigurations = (
				8AF18AFA1A7C33B500F1B387 /* Debug */,
				8AF18AFB1A7C33B500F1B387 /* Release */,
			);
			defaultConfigurationIsVisible = 0;
		};
/* End XCConfigurationList section */
	};
	rootObject = 8AF18AEA1A7C33B500F1B387 /* Project object */;
}
